{
  "requires": true,
  "lockfileVersion": 1,
  "dependencies": {
    "lrm-graphhopper": {
      "version": "file:../../../../../../Desktop/lrm-graphhopper-master",
      "requires": {
        "corslite": "0.0.6",
        "polyline": "0.0.3"
      },
      "dependencies": {
        "corslite": {
          "version": "0.0.6",
          "resolved": "https://registry.npmjs.org/corslite/-/corslite-0.0.6.tgz",
          "integrity": "sha1-YilU4UwzhSEjxMaPo97/qeLRyJY="
        },
        "polyline": {
          "version": "0.0.3",
          "resolved": "https://registry.npmjs.org/polyline/-/polyline-0.0.3.tgz",
          "integrity": "sha1-B1FR+lLjKVaIOmWs0Cx5S3pXtjw="
        }
      }
    }
  }
}
